
Microsoft Visual Studio Solution File, Format Version 12.00
# Visual Studio Version 17
VisualStudioVersion = 17.8.34309.116
MinimumVisualStudioVersion = 10.0.40219.1
Project("{FAE04EC0-301F-11D3-BF4B-00C04F79EFBC}") = "TaskBackend", "TaskBackend\TaskBackend.csproj", "{192499DC-C6D9-4F36-BC61-5BD90F0761B6}"
EndProject
Global
	GlobalSection(SolutionConfigurationPlatforms) = preSolution
		Debug|Any CPU = Debug|Any CPU
		Release|Any CPU = Release|Any CPU
	EndGlobalSection
	GlobalSection(ProjectConfigurationPlatforms) = postSolution
		{192499DC-C6D9-4F36-BC61-5BD90F0761B6}.Debug|Any CPU.ActiveCfg = Debug|Any CPU
		{192499DC-C6D9-4F36-BC61-5BD90F0761B6}.Debug|Any CPU.Build.0 = Debug|Any CPU
		{192499DC-C6D9-4F36-BC61-5BD90F0761B6}.Release|Any CPU.ActiveCfg = Release|Any CPU
		{192499DC-C6D9-4F36-BC61-5BD90F0761B6}.Release|Any CPU.Build.0 = Release|Any CPU
	EndGlobalSection
	GlobalSection(SolutionProperties) = preSolution
		HideSolutionNode = FALSE
	EndGlobalSection
	GlobalSection(ExtensibilityGlobals) = postSolution
		SolutionGuid = {711D0505-EBFC-4BB9-A167-6F451D7CE54A}
	EndGlobalSection
EndGlobal
